// !$*UTF8*$!
{
	archiveVersion = 1;
	classes = {
	};
	objectVersion = 46;
	objects = {

/* Begin PBXBuildFile section */
		035ACB7EB7F08E3F73AEBE01 /* OscOutboundPacketStream.cpp in Sources */ = {isa = PBXBuildFile; fileRef = E5CB4D14F14983D735226DA5 /* OscOutboundPacketStream.cpp */; };
		183FEA91BF18D8F4635B88B0 /* imgui_draw.cpp in Sources */ = {isa = PBXBuildFile; fileRef = 2C4B30E8E71550949742804C /* imgui_draw.cpp */; };
		19B0FDCE1038E01B18259797 /* OscTypes.cpp in Sources */ = {isa = PBXBuildFile; fileRef = 97DAF96895FA6FCDFA816A8F /* OscTypes.cpp */; };
		1B1A5846ADDD3B4640926D74 /* UdpSocket.cpp in Sources */ = {isa = PBXBuildFile; fileRef = 7816A119428A07F4D972E350 /* UdpSocket.cpp */; };
		29D8D0CE1C63AB62A2ABBAD8 /* ofxGrabCam.cpp in Sources */ = {isa = PBXBuildFile; fileRef = A4EA1784E2C9F94FBB8B216D /* ofxGrabCam.cpp */; };
		4487A19D09D9E3CFFF73730C /* tinyxmlparser.cpp in Sources */ = {isa = PBXBuildFile; fileRef = 5C3A72F7C351A69427415A48 /* tinyxmlparser.cpp */; };
		46360DF0955DCDC361DAC7B9 /* BaseTheme.cpp in Sources */ = {isa = PBXBuildFile; fileRef = CE3B9F446793B251DDD5704A /* BaseTheme.cpp */; };
		4917D8C46A4A759C9573C6DD /* ofxOscBundle.cpp in Sources */ = {isa = PBXBuildFile; fileRef = 4D03865360A465E572B73159 /* ofxOscBundle.cpp */; };
		4CDB6BBDDAE50AFB75EDFCCB /* ofxOscParameterSync.cpp in Sources */ = {isa = PBXBuildFile; fileRef = 032A9B69E3FD2E85709C34B6 /* ofxOscParameterSync.cpp */; };
		4F8B03C138B6004F0686804C /* Helpers.cpp in Sources */ = {isa = PBXBuildFile; fileRef = 10F5E14AB228BBD4D66BCDCD /* Helpers.cpp */; };
		638E2A64E4BB251D3B21946C /* OscPrintReceivedElements.cpp in Sources */ = {isa = PBXBuildFile; fileRef = 42F15C7FD82076AB7FA002DF /* OscPrintReceivedElements.cpp */; };
		63ADEA86D6D6F08A3D8FBFC6 /* tinyxml.cpp in Sources */ = {isa = PBXBuildFile; fileRef = F69A0E1FF77CBC6916AB2A2F /* tinyxml.cpp */; };
		6B2E4F2D593C39415E655090 /* ofxOscSender.cpp in Sources */ = {isa = PBXBuildFile; fileRef = 28571E38ED6AEC8E8EEF3505 /* ofxOscSender.cpp */; };
		7CCF68CA875AF2E1D51152DE /* EngineOpenGLES.cpp in Sources */ = {isa = PBXBuildFile; fileRef = F007310A8EC5FC279BC6E1BD /* EngineOpenGLES.cpp */; };
		90CBD83B52949EF52BFF5072 /* EngineGLFW.cpp in Sources */ = {isa = PBXBuildFile; fileRef = 6E2E895A20F39E61DDDCAA37 /* EngineGLFW.cpp */; };
		92907A781F4175C1004CAC6C /* ofBaku.cpp in Sources */ = {isa = PBXBuildFile; fileRef = 92907A761F4175C1004CAC6C /* ofBaku.cpp */; };
		A0F72EDD15973C64A7E52E17 /* IpEndpointName.cpp in Sources */ = {isa = PBXBuildFile; fileRef = 4E6AD1C416FA8ECD08E8A996 /* IpEndpointName.cpp */; };
		A2DE87C9038F51F064261925 /* Gui.cpp in Sources */ = {isa = PBXBuildFile; fileRef = B08B142B4F29ABB92D87B0E9 /* Gui.cpp */; };
		A7CE7FAA47E9EC190187863F /* ofxOscReceiver.cpp in Sources */ = {isa = PBXBuildFile; fileRef = 6C3CA084210C71DE2AA9FC82 /* ofxOscReceiver.cpp */; };
		A8C93807C6B0F7C8FFC4CBA5 /* BaseEngine.cpp in Sources */ = {isa = PBXBuildFile; fileRef = 5B29ABE4E254E35393B00796 /* BaseEngine.cpp */; };
		AEB0C1CF9B13CB24D477E1E5 /* tinyxmlerror.cpp in Sources */ = {isa = PBXBuildFile; fileRef = CE26B2C6D16AD402FC622378 /* tinyxmlerror.cpp */; };
		B3AD2898B6BB896C75AF5A3D /* ofxXmlSettings.cpp in Sources */ = {isa = PBXBuildFile; fileRef = 78DD90E5D5C023DE3318C53C /* ofxXmlSettings.cpp */; };
		C06091DF86B8A1E1B6A6E8BE /* OscReceivedElements.cpp in Sources */ = {isa = PBXBuildFile; fileRef = ED079C4B59F1BB9CAAD7D82F /* OscReceivedElements.cpp */; };
		D6E7E6E9958E6B330E4FCCE1 /* imgui.cpp in Sources */ = {isa = PBXBuildFile; fileRef = C7D54B65EBBF84D37C836265 /* imgui.cpp */; };
		D8ACF99F60A2C543AEC9D2E4 /* NetworkingUtils.cpp in Sources */ = {isa = PBXBuildFile; fileRef = A7179B5F72A0D3B17A6760FB /* NetworkingUtils.cpp */; };
		DFA69C7D667CC69B6219DE07 /* ofxOscMessage.cpp in Sources */ = {isa = PBXBuildFile; fileRef = 946F7CA51386A87A0F8C4244 /* ofxOscMessage.cpp */; };
		E4328149138ABC9F0047C5CB /* openFrameworksDebug.a in Frameworks */ = {isa = PBXBuildFile; fileRef = E4328148138ABC890047C5CB /* openFrameworksDebug.a */; };
		E4B69E200A3A1BDC003C02F2 /* main.cpp in Sources */ = {isa = PBXBuildFile; fileRef = E4B69E1D0A3A1BDC003C02F2 /* main.cpp */; };
		E4B69E210A3A1BDC003C02F2 /* ofApp.cpp in Sources */ = {isa = PBXBuildFile; fileRef = E4B69E1E0A3A1BDC003C02F2 /* ofApp.cpp */; };
		EF152A929145E398C29AB23A /* imgui_demo.cpp in Sources */ = {isa = PBXBuildFile; fileRef = A44F01F0DB02A362C3A638DE /* imgui_demo.cpp */; };
/* End PBXBuildFile section */

/* Begin PBXContainerItemProxy section */
		E4328147138ABC890047C5CB /* PBXContainerItemProxy */ = {
			isa = PBXContainerItemProxy;
			containerPortal = E4328143138ABC890047C5CB /* openFrameworksLib.xcodeproj */;
			proxyType = 2;
			remoteGlobalIDString = E4B27C1510CBEB8E00536013;
			remoteInfo = openFrameworks;
		};
		E4EEB9AB138B136A00A80321 /* PBXContainerItemProxy */ = {
			isa = PBXContainerItemProxy;
			containerPortal = E4328143138ABC890047C5CB /* openFrameworksLib.xcodeproj */;
			proxyType = 1;
			remoteGlobalIDString = E4B27C1410CBEB8E00536013;
			remoteInfo = openFrameworks;
		};
/* End PBXContainerItemProxy section */

/* Begin PBXCopyFilesBuildPhase section */
		E4C2427710CC5ABF004149E2 /* CopyFiles */ = {
			isa = PBXCopyFilesBuildPhase;
			buildActionMask = 2147483647;
			dstPath = "";
			dstSubfolderSpec = 10;
			files = (
			);
			runOnlyForDeploymentPostprocessing = 0;
		};
/* End PBXCopyFilesBuildPhase section */

/* Begin PBXFileReference section */
		011B1D74F2E7F178AB921E87 /* ofxXmlSettings.h */ = {isa = PBXFileReference; explicitFileType = sourcecode.c.h; fileEncoding = 30; name = ofxXmlSettings.h; path = ../../../../../../oF/v0.9.8/addons/ofxXmlSettings/src/ofxXmlSettings.h; sourceTree = SOURCE_ROOT; };
		032A9B69E3FD2E85709C34B6 /* ofxOscParameterSync.cpp */ = {isa = PBXFileReference; explicitFileType = sourcecode.cpp.cpp; fileEncoding = 30; name = ofxOscParameterSync.cpp; path = ../../../../../../oF/v0.9.8/addons/ofxOsc/src/ofxOscParameterSync.cpp; sourceTree = SOURCE_ROOT; };
		052212D2405509A0E8AA82FF /* BaseEngine.h */ = {isa = PBXFileReference; explicitFileType = sourcecode.c.h; fileEncoding = 30; name = BaseEngine.h; path = ../../../../../../oF/v0.9.8/addons/ofxImGui/src/BaseEngine.h; sourceTree = SOURCE_ROOT; };
		09EE3AC7CB2D53CFE51C2143 /* NetworkingUtils.h */ = {isa = PBXFileReference; explicitFileType = sourcecode.c.h; fileEncoding = 30; name = NetworkingUtils.h; path = ../../../../../../oF/v0.9.8/addons/ofxOsc/libs/oscpack/src/ip/NetworkingUtils.h; sourceTree = SOURCE_ROOT; };
		0B6DA612F178D00DF0FCE87B /* OscHostEndianness.h */ = {isa = PBXFileReference; explicitFileType = sourcecode.c.h; fileEncoding = 30; name = OscHostEndianness.h; path = ../../../../../../oF/v0.9.8/addons/ofxOsc/libs/oscpack/src/osc/OscHostEndianness.h; sourceTree = SOURCE_ROOT; };
		10F5E14AB228BBD4D66BCDCD /* Helpers.cpp */ = {isa = PBXFileReference; explicitFileType = sourcecode.cpp.cpp; fileEncoding = 30; name = Helpers.cpp; path = ../../../../../../oF/v0.9.8/addons/ofxImGui/src/Helpers.cpp; sourceTree = SOURCE_ROOT; };
		13949BAA435022902B242C55 /* ofxGrabCam.h */ = {isa = PBXFileReference; explicitFileType = sourcecode.c.h; fileEncoding = 30; name = ofxGrabCam.h; path = ../../../../../../oF/v0.9.8/addons/ofxGrabCam/src/ofxGrabCam.h; sourceTree = SOURCE_ROOT; };
		1D51212B52D39BF60F8D43A9 /* OscPrintReceivedElements.h */ = {isa = PBXFileReference; explicitFileType = sourcecode.c.h; fileEncoding = 30; name = OscPrintReceivedElements.h; path = ../../../../../../oF/v0.9.8/addons/ofxOsc/libs/oscpack/src/osc/OscPrintReceivedElements.h; sourceTree = SOURCE_ROOT; };
		20ECA8B389CEE6CB3F803CBA /* ofxOscMessage.h */ = {isa = PBXFileReference; explicitFileType = sourcecode.c.h; fileEncoding = 30; name = ofxOscMessage.h; path = ../../../../../../oF/v0.9.8/addons/ofxOsc/src/ofxOscMessage.h; sourceTree = SOURCE_ROOT; };
		28571E38ED6AEC8E8EEF3505 /* ofxOscSender.cpp */ = {isa = PBXFileReference; explicitFileType = sourcecode.cpp.cpp; fileEncoding = 30; name = ofxOscSender.cpp; path = ../../../../../../oF/v0.9.8/addons/ofxOsc/src/ofxOscSender.cpp; sourceTree = SOURCE_ROOT; };
		2C4B30E8E71550949742804C /* imgui_draw.cpp */ = {isa = PBXFileReference; explicitFileType = sourcecode.cpp.cpp; fileEncoding = 30; name = imgui_draw.cpp; path = ../../../../../../oF/v0.9.8/addons/ofxImGui/libs/imgui/src/imgui_draw.cpp; sourceTree = SOURCE_ROOT; };
		326D2E42C7543F85327AD021 /* OscException.h */ = {isa = PBXFileReference; explicitFileType = sourcecode.c.h; fileEncoding = 30; name = OscException.h; path = ../../../../../../oF/v0.9.8/addons/ofxOsc/libs/oscpack/src/osc/OscException.h; sourceTree = SOURCE_ROOT; };
		368729BFF071C5092994EBD7 /* Gui.h */ = {isa = PBXFileReference; explicitFileType = sourcecode.c.h; fileEncoding = 30; name = Gui.h; path = ../../../../../../oF/v0.9.8/addons/ofxImGui/src/Gui.h; sourceTree = SOURCE_ROOT; };
		40F439812F422DF6DD8F1B50 /* IpEndpointName.h */ = {isa = PBXFileReference; explicitFileType = sourcecode.c.h; fileEncoding = 30; name = IpEndpointName.h; path = ../../../../../../oF/v0.9.8/addons/ofxOsc/libs/oscpack/src/ip/IpEndpointName.h; sourceTree = SOURCE_ROOT; };
		42F15C7FD82076AB7FA002DF /* OscPrintReceivedElements.cpp */ = {isa = PBXFileReference; explicitFileType = sourcecode.cpp.cpp; fileEncoding = 30; name = OscPrintReceivedElements.cpp; path = ../../../../../../oF/v0.9.8/addons/ofxOsc/libs/oscpack/src/osc/OscPrintReceivedElements.cpp; sourceTree = SOURCE_ROOT; };
		45242BDCB78063C8D91CBE97 /* EngineGLFW.h */ = {isa = PBXFileReference; explicitFileType = sourcecode.c.h; fileEncoding = 30; name = EngineGLFW.h; path = ../../../../../../oF/v0.9.8/addons/ofxImGui/src/EngineGLFW.h; sourceTree = SOURCE_ROOT; };
		4D03865360A465E572B73159 /* ofxOscBundle.cpp */ = {isa = PBXFileReference; explicitFileType = sourcecode.cpp.cpp; fileEncoding = 30; name = ofxOscBundle.cpp; path = ../../../../../../oF/v0.9.8/addons/ofxOsc/src/ofxOscBundle.cpp; sourceTree = SOURCE_ROOT; };
		4E6AD1C416FA8ECD08E8A996 /* IpEndpointName.cpp */ = {isa = PBXFileReference; explicitFileType = sourcecode.cpp.cpp; fileEncoding = 30; name = IpEndpointName.cpp; path = ../../../../../../oF/v0.9.8/addons/ofxOsc/libs/oscpack/src/ip/IpEndpointName.cpp; sourceTree = SOURCE_ROOT; };
		54C95C56EEFC988B9E1EB88E /* BaseTheme.h */ = {isa = PBXFileReference; explicitFileType = sourcecode.c.h; fileEncoding = 30; name = BaseTheme.h; path = ../../../../../../oF/v0.9.8/addons/ofxImGui/src/BaseTheme.h; sourceTree = SOURCE_ROOT; };
		568DCD3F1BE9B5A1CC871C4A /* OscOutboundPacketStream.h */ = {isa = PBXFileReference; explicitFileType = sourcecode.c.h; fileEncoding = 30; name = OscOutboundPacketStream.h; path = ../../../../../../oF/v0.9.8/addons/ofxOsc/libs/oscpack/src/osc/OscOutboundPacketStream.h; sourceTree = SOURCE_ROOT; };
		59DF576EFACBC05FE91A2A93 /* tinyxml.h */ = {isa = PBXFileReference; explicitFileType = sourcecode.c.h; fileEncoding = 30; name = tinyxml.h; path = ../../../../../../oF/v0.9.8/addons/ofxXmlSettings/libs/tinyxml.h; sourceTree = SOURCE_ROOT; };
		5B29ABE4E254E35393B00796 /* BaseEngine.cpp */ = {isa = PBXFileReference; explicitFileType = sourcecode.cpp.cpp; fileEncoding = 30; name = BaseEngine.cpp; path = ../../../../../../oF/v0.9.8/addons/ofxImGui/src/BaseEngine.cpp; sourceTree = SOURCE_ROOT; };
		5C3A72F7C351A69427415A48 /* tinyxmlparser.cpp */ = {isa = PBXFileReference; explicitFileType = sourcecode.cpp.cpp; fileEncoding = 30; name = tinyxmlparser.cpp; path = ../../../../../../oF/v0.9.8/addons/ofxXmlSettings/libs/tinyxmlparser.cpp; sourceTree = SOURCE_ROOT; };
		5C659A40B19EFD4E390205AB /* stb_textedit.h */ = {isa = PBXFileReference; explicitFileType = sourcecode.c.h; fileEncoding = 30; name = stb_textedit.h; path = ../../../../../../oF/v0.9.8/addons/ofxImGui/libs/imgui/src/stb_textedit.h; sourceTree = SOURCE_ROOT; };
		6C3CA084210C71DE2AA9FC82 /* ofxOscReceiver.cpp */ = {isa = PBXFileReference; explicitFileType = sourcecode.cpp.cpp; fileEncoding = 30; name = ofxOscReceiver.cpp; path = ../../../../../../oF/v0.9.8/addons/ofxOsc/src/ofxOscReceiver.cpp; sourceTree = SOURCE_ROOT; };
		6C4DF96A1A70DC7B38B327A9 /* stb_rect_pack.h */ = {isa = PBXFileReference; explicitFileType = sourcecode.c.h; fileEncoding = 30; name = stb_rect_pack.h; path = ../../../../../../oF/v0.9.8/addons/ofxImGui/libs/imgui/src/stb_rect_pack.h; sourceTree = SOURCE_ROOT; };
		6E2E895A20F39E61DDDCAA37 /* EngineGLFW.cpp */ = {isa = PBXFileReference; explicitFileType = sourcecode.cpp.cpp; fileEncoding = 30; name = EngineGLFW.cpp; path = ../../../../../../oF/v0.9.8/addons/ofxImGui/src/EngineGLFW.cpp; sourceTree = SOURCE_ROOT; };
		7816A119428A07F4D972E350 /* UdpSocket.cpp */ = {isa = PBXFileReference; explicitFileType = sourcecode.cpp.cpp; fileEncoding = 30; name = UdpSocket.cpp; path = ../../../../../../oF/v0.9.8/addons/ofxOsc/libs/oscpack/src/ip/posix/UdpSocket.cpp; sourceTree = SOURCE_ROOT; };
		78DD90E5D5C023DE3318C53C /* ofxXmlSettings.cpp */ = {isa = PBXFileReference; explicitFileType = sourcecode.cpp.cpp; fileEncoding = 30; name = ofxXmlSettings.cpp; path = ../../../../../../oF/v0.9.8/addons/ofxXmlSettings/src/ofxXmlSettings.cpp; sourceTree = SOURCE_ROOT; };
		7AC54326B266A776E27972FC /* OscTypes.h */ = {isa = PBXFileReference; explicitFileType = sourcecode.c.h; fileEncoding = 30; name = OscTypes.h; path = ../../../../../../oF/v0.9.8/addons/ofxOsc/libs/oscpack/src/osc/OscTypes.h; sourceTree = SOURCE_ROOT; };
		7E8CAB9E25A6ACD060A22D54 /* EngineOpenGLES.h */ = {isa = PBXFileReference; explicitFileType = sourcecode.c.h; fileEncoding = 30; name = EngineOpenGLES.h; path = ../../../../../../oF/v0.9.8/addons/ofxImGui/src/EngineOpenGLES.h; sourceTree = SOURCE_ROOT; };
		92603F02BA2D4E79AF6AFF67 /* stb_truetype.h */ = {isa = PBXFileReference; explicitFileType = sourcecode.c.h; fileEncoding = 30; name = stb_truetype.h; path = ../../../../../../oF/v0.9.8/addons/ofxImGui/libs/imgui/src/stb_truetype.h; sourceTree = SOURCE_ROOT; };
		92907A761F4175C1004CAC6C /* ofBaku.cpp */ = {isa = PBXFileReference; fileEncoding = 4; lastKnownFileType = sourcecode.cpp.cpp; path = ofBaku.cpp; sourceTree = "<group>"; };
		92907A771F4175C1004CAC6C /* ofBaku.h */ = {isa = PBXFileReference; fileEncoding = 4; lastKnownFileType = sourcecode.c.h; path = ofBaku.h; sourceTree = "<group>"; };
		946F7CA51386A87A0F8C4244 /* ofxOscMessage.cpp */ = {isa = PBXFileReference; explicitFileType = sourcecode.cpp.cpp; fileEncoding = 30; name = ofxOscMessage.cpp; path = ../../../../../../oF/v0.9.8/addons/ofxOsc/src/ofxOscMessage.cpp; sourceTree = SOURCE_ROOT; };
		97014B56D9E7C7E9F06680D2 /* ofxOscBundle.h */ = {isa = PBXFileReference; explicitFileType = sourcecode.c.h; fileEncoding = 30; name = ofxOscBundle.h; path = ../../../../../../oF/v0.9.8/addons/ofxOsc/src/ofxOscBundle.h; sourceTree = SOURCE_ROOT; };
		97DAF96895FA6FCDFA816A8F /* OscTypes.cpp */ = {isa = PBXFileReference; explicitFileType = sourcecode.cpp.cpp; fileEncoding = 30; name = OscTypes.cpp; path = ../../../../../../oF/v0.9.8/addons/ofxOsc/libs/oscpack/src/osc/OscTypes.cpp; sourceTree = SOURCE_ROOT; };
		9C06999D9DC7877293D81CFC /* Helpers.h */ = {isa = PBXFileReference; explicitFileType = sourcecode.c.h; fileEncoding = 30; name = Helpers.h; path = ../../../../../../oF/v0.9.8/addons/ofxImGui/src/Helpers.h; sourceTree = SOURCE_ROOT; };
		9CA549D74C3AC871F2AF6CEE /* TimerListener.h */ = {isa = PBXFileReference; explicitFileType = sourcecode.c.h; fileEncoding = 30; name = TimerListener.h; path = ../../../../../../oF/v0.9.8/addons/ofxOsc/libs/oscpack/src/ip/TimerListener.h; sourceTree = SOURCE_ROOT; };
		A0C5A51924F01828CAD94799 /* ofxOscReceiver.h */ = {isa = PBXFileReference; explicitFileType = sourcecode.c.h; fileEncoding = 30; name = ofxOscReceiver.h; path = ../../../../../../oF/v0.9.8/addons/ofxOsc/src/ofxOscReceiver.h; sourceTree = SOURCE_ROOT; };
		A16A10F911BA4473BD6BA919 /* imconfig.h */ = {isa = PBXFileReference; explicitFileType = sourcecode.c.h; fileEncoding = 30; name = imconfig.h; path = ../../../../../../oF/v0.9.8/addons/ofxImGui/src/imconfig.h; sourceTree = SOURCE_ROOT; };
		A44F01F0DB02A362C3A638DE /* imgui_demo.cpp */ = {isa = PBXFileReference; explicitFileType = sourcecode.cpp.cpp; fileEncoding = 30; name = imgui_demo.cpp; path = ../../../../../../oF/v0.9.8/addons/ofxImGui/libs/imgui/src/imgui_demo.cpp; sourceTree = SOURCE_ROOT; };
		A4EA1784E2C9F94FBB8B216D /* ofxGrabCam.cpp */ = {isa = PBXFileReference; explicitFileType = sourcecode.cpp.cpp; fileEncoding = 30; name = ofxGrabCam.cpp; path = ../../../../../../oF/v0.9.8/addons/ofxGrabCam/src/ofxGrabCam.cpp; sourceTree = SOURCE_ROOT; };
		A7179B5F72A0D3B17A6760FB /* NetworkingUtils.cpp */ = {isa = PBXFileReference; explicitFileType = sourcecode.cpp.cpp; fileEncoding = 30; name = NetworkingUtils.cpp; path = ../../../../../../oF/v0.9.8/addons/ofxOsc/libs/oscpack/src/ip/posix/NetworkingUtils.cpp; sourceTree = SOURCE_ROOT; };
		AB6BF167F298E70CCCB493E9 /* ofxOscArg.h */ = {isa = PBXFileReference; explicitFileType = sourcecode.c.h; fileEncoding = 30; name = ofxOscArg.h; path = ../../../../../../oF/v0.9.8/addons/ofxOsc/src/ofxOscArg.h; sourceTree = SOURCE_ROOT; };
		AE59681F29E92E411263E4F3 /* ThemeTest.h */ = {isa = PBXFileReference; explicitFileType = sourcecode.c.h; fileEncoding = 30; name = ThemeTest.h; path = ../../../../../../oF/v0.9.8/addons/ofxImGui/src/ThemeTest.h; sourceTree = SOURCE_ROOT; };
		B08B142B4F29ABB92D87B0E9 /* Gui.cpp */ = {isa = PBXFileReference; explicitFileType = sourcecode.cpp.cpp; fileEncoding = 30; name = Gui.cpp; path = ../../../../../../oF/v0.9.8/addons/ofxImGui/src/Gui.cpp; sourceTree = SOURCE_ROOT; };
		B45AA3FC833687EEF63440A1 /* PacketListener.h */ = {isa = PBXFileReference; explicitFileType = sourcecode.c.h; fileEncoding = 30; name = PacketListener.h; path = ../../../../../../oF/v0.9.8/addons/ofxOsc/libs/oscpack/src/ip/PacketListener.h; sourceTree = SOURCE_ROOT; };
		BB64846BA8CA1ECCA899EEF1 /* ofxOscSender.h */ = {isa = PBXFileReference; explicitFileType = sourcecode.c.h; fileEncoding = 30; name = ofxOscSender.h; path = ../../../../../../oF/v0.9.8/addons/ofxOsc/src/ofxOscSender.h; sourceTree = SOURCE_ROOT; };
		BFF1CD5952EF86144A955C95 /* ofxOsc.h */ = {isa = PBXFileReference; explicitFileType = sourcecode.c.h; fileEncoding = 30; name = ofxOsc.h; path = ../../../../../../oF/v0.9.8/addons/ofxOsc/src/ofxOsc.h; sourceTree = SOURCE_ROOT; };
		C2516A5D60CA4940956E1100 /* imgui.h */ = {isa = PBXFileReference; explicitFileType = sourcecode.c.h; fileEncoding = 30; name = imgui.h; path = ../../../../../../oF/v0.9.8/addons/ofxImGui/libs/imgui/src/imgui.h; sourceTree = SOURCE_ROOT; };
		C4B9D388AD90BC69DB1B389F /* imgui_internal.h */ = {isa = PBXFileReference; explicitFileType = sourcecode.c.h; fileEncoding = 30; name = imgui_internal.h; path = ../../../../../../oF/v0.9.8/addons/ofxImGui/libs/imgui/src/imgui_internal.h; sourceTree = SOURCE_ROOT; };
		C4DAE625436A4FB4E28A7149 /* UdpSocket.h */ = {isa = PBXFileReference; explicitFileType = sourcecode.c.h; fileEncoding = 30; name = UdpSocket.h; path = ../../../../../../oF/v0.9.8/addons/ofxOsc/libs/oscpack/src/ip/UdpSocket.h; sourceTree = SOURCE_ROOT; };
		C7D54B65EBBF84D37C836265 /* imgui.cpp */ = {isa = PBXFileReference; explicitFileType = sourcecode.cpp.cpp; fileEncoding = 30; name = imgui.cpp; path = ../../../../../../oF/v0.9.8/addons/ofxImGui/libs/imgui/src/imgui.cpp; sourceTree = SOURCE_ROOT; };
		C8BD6CE8A4BEECE7DBA67227 /* ofxImGui.h */ = {isa = PBXFileReference; explicitFileType = sourcecode.c.h; fileEncoding = 30; name = ofxImGui.h; path = ../../../../../../oF/v0.9.8/addons/ofxImGui/src/ofxImGui.h; sourceTree = SOURCE_ROOT; };
		CE26B2C6D16AD402FC622378 /* tinyxmlerror.cpp */ = {isa = PBXFileReference; explicitFileType = sourcecode.cpp.cpp; fileEncoding = 30; name = tinyxmlerror.cpp; path = ../../../../../../oF/v0.9.8/addons/ofxXmlSettings/libs/tinyxmlerror.cpp; sourceTree = SOURCE_ROOT; };
		CE3B9F446793B251DDD5704A /* BaseTheme.cpp */ = {isa = PBXFileReference; explicitFileType = sourcecode.cpp.cpp; fileEncoding = 30; name = BaseTheme.cpp; path = ../../../../../../oF/v0.9.8/addons/ofxImGui/src/BaseTheme.cpp; sourceTree = SOURCE_ROOT; };
		DD24FBD288C52DD9236AD786 /* OscReceivedElements.h */ = {isa = PBXFileReference; explicitFileType = sourcecode.c.h; fileEncoding = 30; name = OscReceivedElements.h; path = ../../../../../../oF/v0.9.8/addons/ofxOsc/libs/oscpack/src/osc/OscReceivedElements.h; sourceTree = SOURCE_ROOT; };
		E4328143138ABC890047C5CB /* openFrameworksLib.xcodeproj */ = {isa = PBXFileReference; lastKnownFileType = "wrapper.pb-project"; name = openFrameworksLib.xcodeproj; path = ../../../../../../oF/v0.9.8/libs/openFrameworksCompiled/project/osx/openFrameworksLib.xcodeproj; sourceTree = SOURCE_ROOT; };
		E4B69B5B0A3A1756003C02F2 /* CamGraphDebug.app */ = {isa = PBXFileReference; explicitFileType = wrapper.application; includeInIndex = 0; path = CamGraphDebug.app; sourceTree = BUILT_PRODUCTS_DIR; };
		E4B69E1D0A3A1BDC003C02F2 /* main.cpp */ = {isa = PBXFileReference; fileEncoding = 30; lastKnownFileType = sourcecode.cpp.cpp; name = main.cpp; path = src/main.cpp; sourceTree = SOURCE_ROOT; };
		E4B69E1E0A3A1BDC003C02F2 /* ofApp.cpp */ = {isa = PBXFileReference; explicitFileType = sourcecode.cpp.cpp; fileEncoding = 30; name = ofApp.cpp; path = src/ofApp.cpp; sourceTree = SOURCE_ROOT; };
		E4B69E1F0A3A1BDC003C02F2 /* ofApp.h */ = {isa = PBXFileReference; fileEncoding = 30; lastKnownFileType = sourcecode.c.h; name = ofApp.h; path = src/ofApp.h; sourceTree = SOURCE_ROOT; };
		E4B6FCAD0C3E899E008CF71C /* openFrameworks-Info.plist */ = {isa = PBXFileReference; fileEncoding = 30; lastKnownFileType = text.plist.xml; path = "openFrameworks-Info.plist"; sourceTree = "<group>"; };
		E4EB691F138AFCF100A09F29 /* CoreOF.xcconfig */ = {isa = PBXFileReference; fileEncoding = 4; lastKnownFileType = text.xcconfig; name = CoreOF.xcconfig; path = ../../../../../../oF/v0.9.8/libs/openFrameworksCompiled/project/osx/CoreOF.xcconfig; sourceTree = SOURCE_ROOT; };
		E4EB6923138AFD0F00A09F29 /* Project.xcconfig */ = {isa = PBXFileReference; fileEncoding = 4; lastKnownFileType = text.xcconfig; path = Project.xcconfig; sourceTree = "<group>"; };
		E5CB4D14F14983D735226DA5 /* OscOutboundPacketStream.cpp */ = {isa = PBXFileReference; explicitFileType = sourcecode.cpp.cpp; fileEncoding = 30; name = OscOutboundPacketStream.cpp; path = ../../../../../../oF/v0.9.8/addons/ofxOsc/libs/oscpack/src/osc/OscOutboundPacketStream.cpp; sourceTree = SOURCE_ROOT; };
		E622C3257A87BBE57B73548D /* OscPacketListener.h */ = {isa = PBXFileReference; explicitFileType = sourcecode.c.h; fileEncoding = 30; name = OscPacketListener.h; path = ../../../../../../oF/v0.9.8/addons/ofxOsc/libs/oscpack/src/osc/OscPacketListener.h; sourceTree = SOURCE_ROOT; };
		ED079C4B59F1BB9CAAD7D82F /* OscReceivedElements.cpp */ = {isa = PBXFileReference; explicitFileType = sourcecode.cpp.cpp; fileEncoding = 30; name = OscReceivedElements.cpp; path = ../../../../../../oF/v0.9.8/addons/ofxOsc/libs/oscpack/src/osc/OscReceivedElements.cpp; sourceTree = SOURCE_ROOT; };
		F007310A8EC5FC279BC6E1BD /* EngineOpenGLES.cpp */ = {isa = PBXFileReference; explicitFileType = sourcecode.cpp.cpp; fileEncoding = 30; name = EngineOpenGLES.cpp; path = ../../../../../../oF/v0.9.8/addons/ofxImGui/src/EngineOpenGLES.cpp; sourceTree = SOURCE_ROOT; };
		F0F61D7BEEEA15D180BC3C73 /* MessageMappingOscPacketListener.h */ = {isa = PBXFileReference; explicitFileType = sourcecode.c.h; fileEncoding = 30; name = MessageMappingOscPacketListener.h; path = ../../../../../../oF/v0.9.8/addons/ofxOsc/libs/oscpack/src/osc/MessageMappingOscPacketListener.h; sourceTree = SOURCE_ROOT; };
		F26EC8CFE61AC73B760A0A46 /* ofxOscParameterSync.h */ = {isa = PBXFileReference; explicitFileType = sourcecode.c.h; fileEncoding = 30; name = ofxOscParameterSync.h; path = ../../../../../../oF/v0.9.8/addons/ofxOsc/src/ofxOscParameterSync.h; sourceTree = SOURCE_ROOT; };
		F69A0E1FF77CBC6916AB2A2F /* tinyxml.cpp */ = {isa = PBXFileReference; explicitFileType = sourcecode.cpp.cpp; fileEncoding = 30; name = tinyxml.cpp; path = ../../../../../../oF/v0.9.8/addons/ofxXmlSettings/libs/tinyxml.cpp; sourceTree = SOURCE_ROOT; };
/* End PBXFileReference section */

/* Begin PBXFrameworksBuildPhase section */
		E4B69B590A3A1756003C02F2 /* Frameworks */ = {
			isa = PBXFrameworksBuildPhase;
			buildActionMask = 2147483647;
			files = (
				E4328149138ABC9F0047C5CB /* openFrameworksDebug.a in Frameworks */,
			);
			runOnlyForDeploymentPostprocessing = 0;
		};
/* End PBXFrameworksBuildPhase section */

/* Begin PBXGroup section */
		1F4FB5C423662B96ADFDCC0B /* ofxXmlSettings */ = {
			isa = PBXGroup;
			children = (
				6ECEF0D76BC33727823EADFF /* src */,
				6E54289412D2D94F45A05113 /* libs */,
			);
			name = ofxXmlSettings;
			sourceTree = "<group>";
		};
		30CB364908817057B430D528 /* osc */ = {
			isa = PBXGroup;
			children = (
				F0F61D7BEEEA15D180BC3C73 /* MessageMappingOscPacketListener.h */,
				326D2E42C7543F85327AD021 /* OscException.h */,
				0B6DA612F178D00DF0FCE87B /* OscHostEndianness.h */,
				E5CB4D14F14983D735226DA5 /* OscOutboundPacketStream.cpp */,
				568DCD3F1BE9B5A1CC871C4A /* OscOutboundPacketStream.h */,
				E622C3257A87BBE57B73548D /* OscPacketListener.h */,
				42F15C7FD82076AB7FA002DF /* OscPrintReceivedElements.cpp */,
				1D51212B52D39BF60F8D43A9 /* OscPrintReceivedElements.h */,
				ED079C4B59F1BB9CAAD7D82F /* OscReceivedElements.cpp */,
				DD24FBD288C52DD9236AD786 /* OscReceivedElements.h */,
				97DAF96895FA6FCDFA816A8F /* OscTypes.cpp */,
				7AC54326B266A776E27972FC /* OscTypes.h */,
			);
			name = osc;
			sourceTree = "<group>";
		};
		38871A5825686AE018EC2BF0 /* libs */ = {
			isa = PBXGroup;
			children = (
				86D2677079A3AF4A5A88E29A /* oscpack */,
			);
			name = libs;
			sourceTree = "<group>";
		};
		641362CA659FAFEE4E81001B /* posix */ = {
			isa = PBXGroup;
			children = (
				A7179B5F72A0D3B17A6760FB /* NetworkingUtils.cpp */,
				7816A119428A07F4D972E350 /* UdpSocket.cpp */,
			);
			name = posix;
			sourceTree = "<group>";
		};
		6948EE371B920CB800B5AC1A /* local_addons */ = {
			isa = PBXGroup;
			children = (
			);
			name = local_addons;
			sourceTree = "<group>";
		};
		6E54289412D2D94F45A05113 /* libs */ = {
			isa = PBXGroup;
			children = (
				F69A0E1FF77CBC6916AB2A2F /* tinyxml.cpp */,
				59DF576EFACBC05FE91A2A93 /* tinyxml.h */,
				CE26B2C6D16AD402FC622378 /* tinyxmlerror.cpp */,
				5C3A72F7C351A69427415A48 /* tinyxmlparser.cpp */,
			);
			name = libs;
			sourceTree = "<group>";
		};
		6ECEF0D76BC33727823EADFF /* src */ = {
			isa = PBXGroup;
			children = (
				78DD90E5D5C023DE3318C53C /* ofxXmlSettings.cpp */,
				011B1D74F2E7F178AB921E87 /* ofxXmlSettings.h */,
			);
			name = src;
			sourceTree = "<group>";
		};
		6FF8AA08E79CFA38503CDB0E /* src */ = {
			isa = PBXGroup;
			children = (
				5B29ABE4E254E35393B00796 /* BaseEngine.cpp */,
				052212D2405509A0E8AA82FF /* BaseEngine.h */,
				CE3B9F446793B251DDD5704A /* BaseTheme.cpp */,
				54C95C56EEFC988B9E1EB88E /* BaseTheme.h */,
				6E2E895A20F39E61DDDCAA37 /* EngineGLFW.cpp */,
				45242BDCB78063C8D91CBE97 /* EngineGLFW.h */,
				F007310A8EC5FC279BC6E1BD /* EngineOpenGLES.cpp */,
				7E8CAB9E25A6ACD060A22D54 /* EngineOpenGLES.h */,
				B08B142B4F29ABB92D87B0E9 /* Gui.cpp */,
				368729BFF071C5092994EBD7 /* Gui.h */,
				10F5E14AB228BBD4D66BCDCD /* Helpers.cpp */,
				9C06999D9DC7877293D81CFC /* Helpers.h */,
				A16A10F911BA4473BD6BA919 /* imconfig.h */,
				C8BD6CE8A4BEECE7DBA67227 /* ofxImGui.h */,
				AE59681F29E92E411263E4F3 /* ThemeTest.h */,
			);
			name = src;
			sourceTree = "<group>";
		};
		768C3255AF2F3E1A78DC4DF4 /* ofxImGui */ = {
			isa = PBXGroup;
			children = (
				6FF8AA08E79CFA38503CDB0E /* src */,
				C618591A26FF62625326E2DD /* libs */,
			);
			name = ofxImGui;
			sourceTree = "<group>";
		};
		807146441E0D13714E9F4654 /* src */ = {
			isa = PBXGroup;
			children = (
				C7D54B65EBBF84D37C836265 /* imgui.cpp */,
				C2516A5D60CA4940956E1100 /* imgui.h */,
				A44F01F0DB02A362C3A638DE /* imgui_demo.cpp */,
				2C4B30E8E71550949742804C /* imgui_draw.cpp */,
				C4B9D388AD90BC69DB1B389F /* imgui_internal.h */,
				6C4DF96A1A70DC7B38B327A9 /* stb_rect_pack.h */,
				5C659A40B19EFD4E390205AB /* stb_textedit.h */,
				92603F02BA2D4E79AF6AFF67 /* stb_truetype.h */,
			);
			name = src;
			sourceTree = "<group>";
		};
		86D2677079A3AF4A5A88E29A /* oscpack */ = {
			isa = PBXGroup;
			children = (
				D27B2221A225CA523C019676 /* src */,
			);
			name = oscpack;
			sourceTree = "<group>";
		};
		8D2869234BA7562D78D731FF /* imgui */ = {
			isa = PBXGroup;
			children = (
				807146441E0D13714E9F4654 /* src */,
			);
			name = imgui;
			sourceTree = "<group>";
		};
		BB4B014C10F69532006C3DED /* addons */ = {
			isa = PBXGroup;
			children = (
				CB480773A518EB96FF506657 /* ofxGrabCam */,
				768C3255AF2F3E1A78DC4DF4 /* ofxImGui */,
				E6053AB7FEC63D5F83825B88 /* ofxOsc */,
				1F4FB5C423662B96ADFDCC0B /* ofxXmlSettings */,
			);
			name = addons;
			sourceTree = "<group>";
		};
		BD2F1A9F8D0C05EDB29122D0 /* src */ = {
			isa = PBXGroup;
			children = (
				BFF1CD5952EF86144A955C95 /* ofxOsc.h */,
				AB6BF167F298E70CCCB493E9 /* ofxOscArg.h */,
				4D03865360A465E572B73159 /* ofxOscBundle.cpp */,
				97014B56D9E7C7E9F06680D2 /* ofxOscBundle.h */,
				946F7CA51386A87A0F8C4244 /* ofxOscMessage.cpp */,
				20ECA8B389CEE6CB3F803CBA /* ofxOscMessage.h */,
				032A9B69E3FD2E85709C34B6 /* ofxOscParameterSync.cpp */,
				F26EC8CFE61AC73B760A0A46 /* ofxOscParameterSync.h */,
				6C3CA084210C71DE2AA9FC82 /* ofxOscReceiver.cpp */,
				A0C5A51924F01828CAD94799 /* ofxOscReceiver.h */,
				28571E38ED6AEC8E8EEF3505 /* ofxOscSender.cpp */,
				BB64846BA8CA1ECCA899EEF1 /* ofxOscSender.h */,
			);
			name = src;
			sourceTree = "<group>";
		};
		C618591A26FF62625326E2DD /* libs */ = {
			isa = PBXGroup;
			children = (
				8D2869234BA7562D78D731FF /* imgui */,
			);
			name = libs;
			sourceTree = "<group>";
		};
		CB480773A518EB96FF506657 /* ofxGrabCam */ = {
			isa = PBXGroup;
			children = (
				F60C58CA4909EB621B1DBD95 /* src */,
			);
			name = ofxGrabCam;
			sourceTree = "<group>";
		};
		D27B2221A225CA523C019676 /* src */ = {
			isa = PBXGroup;
			children = (
				FF8CDF57858E9B94E3237115 /* ip */,
				30CB364908817057B430D528 /* osc */,
			);
			name = src;
			sourceTree = "<group>";
		};
		E4328144138ABC890047C5CB /* Products */ = {
			isa = PBXGroup;
			children = (
				E4328148138ABC890047C5CB /* openFrameworksDebug.a */,
			);
			name = Products;
			sourceTree = "<group>";
		};
		E4B69B4A0A3A1720003C02F2 = {
			isa = PBXGroup;
			children = (
				E4B6FCAD0C3E899E008CF71C /* openFrameworks-Info.plist */,
				E4EB6923138AFD0F00A09F29 /* Project.xcconfig */,
				E4B69E1C0A3A1BDC003C02F2 /* src */,
				E4EEC9E9138DF44700A80321 /* openFrameworks */,
				BB4B014C10F69532006C3DED /* addons */,
				6948EE371B920CB800B5AC1A /* local_addons */,
				E4B69B5B0A3A1756003C02F2 /* CamGraphDebug.app */,
			);
			sourceTree = "<group>";
		};
		E4B69E1C0A3A1BDC003C02F2 /* src */ = {
			isa = PBXGroup;
			children = (
				E4B69E1D0A3A1BDC003C02F2 /* main.cpp */,
				E4B69E1E0A3A1BDC003C02F2 /* ofApp.cpp */,
				E4B69E1F0A3A1BDC003C02F2 /* ofApp.h */,
				92907A761F4175C1004CAC6C /* ofBaku.cpp */,
				92907A771F4175C1004CAC6C /* ofBaku.h */,
			);
			path = src;
			sourceTree = SOURCE_ROOT;
		};
		E4EEC9E9138DF44700A80321 /* openFrameworks */ = {
			isa = PBXGroup;
			children = (
				E4EB691F138AFCF100A09F29 /* CoreOF.xcconfig */,
				E4328143138ABC890047C5CB /* openFrameworksLib.xcodeproj */,
			);
			name = openFrameworks;
			sourceTree = "<group>";
		};
		E6053AB7FEC63D5F83825B88 /* ofxOsc */ = {
			isa = PBXGroup;
			children = (
				BD2F1A9F8D0C05EDB29122D0 /* src */,
				38871A5825686AE018EC2BF0 /* libs */,
			);
			name = ofxOsc;
			sourceTree = "<group>";
		};
		F60C58CA4909EB621B1DBD95 /* src */ = {
			isa = PBXGroup;
			children = (
				A4EA1784E2C9F94FBB8B216D /* ofxGrabCam.cpp */,
				13949BAA435022902B242C55 /* ofxGrabCam.h */,
			);
			name = src;
			sourceTree = "<group>";
		};
		FF8CDF57858E9B94E3237115 /* ip */ = {
			isa = PBXGroup;
			children = (
				4E6AD1C416FA8ECD08E8A996 /* IpEndpointName.cpp */,
				40F439812F422DF6DD8F1B50 /* IpEndpointName.h */,
				09EE3AC7CB2D53CFE51C2143 /* NetworkingUtils.h */,
				B45AA3FC833687EEF63440A1 /* PacketListener.h */,
				641362CA659FAFEE4E81001B /* posix */,
				9CA549D74C3AC871F2AF6CEE /* TimerListener.h */,
				C4DAE625436A4FB4E28A7149 /* UdpSocket.h */,
			);
			name = ip;
			sourceTree = "<group>";
		};
/* End PBXGroup section */

/* Begin PBXNativeTarget section */
		E4B69B5A0A3A1756003C02F2 /* CamGraph */ = {
			isa = PBXNativeTarget;
			buildConfigurationList = E4B69B5F0A3A1757003C02F2 /* Build configuration list for PBXNativeTarget "CamGraph" */;
			buildPhases = (
				E4B69B580A3A1756003C02F2 /* Sources */,
				E4B69B590A3A1756003C02F2 /* Frameworks */,
				E4B6FFFD0C3F9AB9008CF71C /* ShellScript */,
				E4C2427710CC5ABF004149E2 /* CopyFiles */,
			);
			buildRules = (
			);
			dependencies = (
				E4EEB9AC138B136A00A80321 /* PBXTargetDependency */,
			);
			name = CamGraph;
			productName = myOFApp;
			productReference = E4B69B5B0A3A1756003C02F2 /* CamGraphDebug.app */;
			productType = "com.apple.product-type.application";
		};
/* End PBXNativeTarget section */

/* Begin PBXProject section */
		E4B69B4C0A3A1720003C02F2 /* Project object */ = {
			isa = PBXProject;
			attributes = {
				LastUpgradeCheck = 0600;
			};
			buildConfigurationList = E4B69B4D0A3A1720003C02F2 /* Build configuration list for PBXProject "CamGraph" */;
			compatibilityVersion = "Xcode 3.2";
			developmentRegion = English;
			hasScannedForEncodings = 0;
			knownRegions = (
				English,
				Japanese,
				French,
				German,
			);
			mainGroup = E4B69B4A0A3A1720003C02F2;
			productRefGroup = E4B69B4A0A3A1720003C02F2;
			projectDirPath = "";
			projectReferences = (
				{
					ProductGroup = E4328144138ABC890047C5CB /* Products */;
					ProjectRef = E4328143138ABC890047C5CB /* openFrameworksLib.xcodeproj */;
				},
			);
			projectRoot = "";
			targets = (
				E4B69B5A0A3A1756003C02F2 /* CamGraph */,
			);
		};
/* End PBXProject section */

/* Begin PBXReferenceProxy section */
		E4328148138ABC890047C5CB /* openFrameworksDebug.a */ = {
			isa = PBXReferenceProxy;
			fileType = archive.ar;
			path = openFrameworksDebug.a;
			remoteRef = E4328147138ABC890047C5CB /* PBXContainerItemProxy */;
			sourceTree = BUILT_PRODUCTS_DIR;
		};
/* End PBXReferenceProxy section */

/* Begin PBXShellScriptBuildPhase section */
		E4B6FFFD0C3F9AB9008CF71C /* ShellScript */ = {
			isa = PBXShellScriptBuildPhase;
			buildActionMask = 2147483647;
			files = (
			);
			inputPaths = (
			);
			outputPaths = (
			);
			runOnlyForDeploymentPostprocessing = 0;
			shellPath = /bin/sh;
			shellScript = "mkdir -p \"$TARGET_BUILD_DIR/$PRODUCT_NAME.app/Contents/Resources/\"\n# Copy default icon file into App/Resources\nrsync -aved \"$ICON_FILE\" \"$TARGET_BUILD_DIR/$PRODUCT_NAME.app/Contents/Resources/\"\n# Copy libfmod and change install directory for fmod to run\nrsync -aved ../../../../../../oF/v0.9.8/libs/fmodex/lib/osx/libfmodex.dylib \"$TARGET_BUILD_DIR/$PRODUCT_NAME.app/Contents/Frameworks/\";\ninstall_name_tool -change @executable_path/libfmodex.dylib @executable_path/../Frameworks/libfmodex.dylib \"$TARGET_BUILD_DIR/$PRODUCT_NAME.app/Contents/MacOS/$PRODUCT_NAME\";\n# Copy GLUT framework (must remove for AppStore submissions)\nrsync -aved ../../../../../../oF/v0.9.8/libs/glut/lib/osx/GLUT.framework \"$TARGET_BUILD_DIR/$PRODUCT_NAME.app/Contents/Frameworks/\"\n";
		};
/* End PBXShellScriptBuildPhase section */

/* Begin PBXSourcesBuildPhase section */
		E4B69B580A3A1756003C02F2 /* Sources */ = {
			isa = PBXSourcesBuildPhase;
			buildActionMask = 2147483647;
			files = (
				E4B69E200A3A1BDC003C02F2 /* main.cpp in Sources */,
				E4B69E210A3A1BDC003C02F2 /* ofApp.cpp in Sources */,
				29D8D0CE1C63AB62A2ABBAD8 /* ofxGrabCam.cpp in Sources */,
				A8C93807C6B0F7C8FFC4CBA5 /* BaseEngine.cpp in Sources */,
				46360DF0955DCDC361DAC7B9 /* BaseTheme.cpp in Sources */,
				92907A781F4175C1004CAC6C /* ofBaku.cpp in Sources */,
				90CBD83B52949EF52BFF5072 /* EngineGLFW.cpp in Sources */,
				7CCF68CA875AF2E1D51152DE /* EngineOpenGLES.cpp in Sources */,
				A2DE87C9038F51F064261925 /* Gui.cpp in Sources */,
				4F8B03C138B6004F0686804C /* Helpers.cpp in Sources */,
				D6E7E6E9958E6B330E4FCCE1 /* imgui.cpp in Sources */,
				EF152A929145E398C29AB23A /* imgui_demo.cpp in Sources */,
				183FEA91BF18D8F4635B88B0 /* imgui_draw.cpp in Sources */,
				4917D8C46A4A759C9573C6DD /* ofxOscBundle.cpp in Sources */,
				DFA69C7D667CC69B6219DE07 /* ofxOscMessage.cpp in Sources */,
				4CDB6BBDDAE50AFB75EDFCCB /* ofxOscParameterSync.cpp in Sources */,
				A7CE7FAA47E9EC190187863F /* ofxOscReceiver.cpp in Sources */,
				6B2E4F2D593C39415E655090 /* ofxOscSender.cpp in Sources */,
				A0F72EDD15973C64A7E52E17 /* IpEndpointName.cpp in Sources */,
				D8ACF99F60A2C543AEC9D2E4 /* NetworkingUtils.cpp in Sources */,
				1B1A5846ADDD3B4640926D74 /* UdpSocket.cpp in Sources */,
				035ACB7EB7F08E3F73AEBE01 /* OscOutboundPacketStream.cpp in Sources */,
				638E2A64E4BB251D3B21946C /* OscPrintReceivedElements.cpp in Sources */,
				C06091DF86B8A1E1B6A6E8BE /* OscReceivedElements.cpp in Sources */,
				19B0FDCE1038E01B18259797 /* OscTypes.cpp in Sources */,
				B3AD2898B6BB896C75AF5A3D /* ofxXmlSettings.cpp in Sources */,
				63ADEA86D6D6F08A3D8FBFC6 /* tinyxml.cpp in Sources */,
				AEB0C1CF9B13CB24D477E1E5 /* tinyxmlerror.cpp in Sources */,
				4487A19D09D9E3CFFF73730C /* tinyxmlparser.cpp in Sources */,
			);
			runOnlyForDeploymentPostprocessing = 0;
		};
/* End PBXSourcesBuildPhase section */

/* Begin PBXTargetDependency section */
		E4EEB9AC138B136A00A80321 /* PBXTargetDependency */ = {
			isa = PBXTargetDependency;
			name = openFrameworks;
			targetProxy = E4EEB9AB138B136A00A80321 /* PBXContainerItemProxy */;
		};
/* End PBXTargetDependency section */

/* Begin XCBuildConfiguration section */
		E4B69B4E0A3A1720003C02F2 /* Debug */ = {
			isa = XCBuildConfiguration;
			baseConfigurationReference = E4EB6923138AFD0F00A09F29 /* Project.xcconfig */;
			buildSettings = {
				CONFIGURATION_BUILD_DIR = "$(SRCROOT)/bin/";
				COPY_PHASE_STRIP = NO;
				DEAD_CODE_STRIPPING = YES;
				GCC_AUTO_VECTORIZATION = YES;
				GCC_ENABLE_SSE3_EXTENSIONS = YES;
				GCC_ENABLE_SUPPLEMENTAL_SSE3_INSTRUCTIONS = YES;
				GCC_INLINES_ARE_PRIVATE_EXTERN = NO;
				GCC_OPTIMIZATION_LEVEL = 0;
				GCC_SYMBOLS_PRIVATE_EXTERN = NO;
				GCC_WARN_ABOUT_DEPRECATED_FUNCTIONS = YES;
				GCC_WARN_ABOUT_INVALID_OFFSETOF_MACRO = NO;
				GCC_WARN_ALLOW_INCOMPLETE_PROTOCOL = NO;
				GCC_WARN_UNINITIALIZED_AUTOS = NO;
				GCC_WARN_UNUSED_VALUE = NO;
				GCC_WARN_UNUSED_VARIABLE = NO;
				HEADER_SEARCH_PATHS = (
					"$(OF_CORE_HEADERS)",
					src,
					../../../../../../oF/v0.9.8/addons/ofxGrabCam/src,
					../../../../../../oF/v0.9.8/addons/ofxImGui/libs,
					../../../../../../oF/v0.9.8/addons/ofxImGui/libs/imgui,
					../../../../../../oF/v0.9.8/addons/ofxImGui/libs/imgui/src,
					../../../../../../oF/v0.9.8/addons/ofxImGui/src,
					../../../../../../oF/v0.9.8/addons/ofxOsc/libs,
					../../../../../../oF/v0.9.8/addons/ofxOsc/libs/oscpack,
					../../../../../../oF/v0.9.8/addons/ofxOsc/libs/oscpack/src,
					../../../../../../oF/v0.9.8/addons/ofxOsc/libs/oscpack/src/ip,
					../../../../../../oF/v0.9.8/addons/ofxOsc/libs/oscpack/src/ip/posix,
					../../../../../../oF/v0.9.8/addons/ofxOsc/libs/oscpack/src/ip/win32,
					../../../../../../oF/v0.9.8/addons/ofxOsc/libs/oscpack/src/osc,
					../../../../../../oF/v0.9.8/addons/ofxOsc/src,
					../../../../../../oF/v0.9.8/addons/ofxXmlSettings/libs,
					../../../../../../oF/v0.9.8/addons/ofxXmlSettings/src,
				);
				MACOSX_DEPLOYMENT_TARGET = 10.8;
				ONLY_ACTIVE_ARCH = YES;
				OTHER_CPLUSPLUSFLAGS = (
					"-D__MACOSX_CORE__",
					"-mtune=native",
				);
				SDKROOT = macosx;
			};
			name = Debug;
		};
		E4B69B4F0A3A1720003C02F2 /* Release */ = {
			isa = XCBuildConfiguration;
			baseConfigurationReference = E4EB6923138AFD0F00A09F29 /* Project.xcconfig */;
			buildSettings = {
				CONFIGURATION_BUILD_DIR = "$(SRCROOT)/bin/";
				COPY_PHASE_STRIP = YES;
				DEAD_CODE_STRIPPING = YES;
				GCC_AUTO_VECTORIZATION = YES;
				GCC_ENABLE_SSE3_EXTENSIONS = YES;
				GCC_ENABLE_SUPPLEMENTAL_SSE3_INSTRUCTIONS = YES;
				GCC_INLINES_ARE_PRIVATE_EXTERN = NO;
				GCC_OPTIMIZATION_LEVEL = 3;
				GCC_SYMBOLS_PRIVATE_EXTERN = NO;
				GCC_UNROLL_LOOPS = YES;
				GCC_WARN_ABOUT_DEPRECATED_FUNCTIONS = YES;
				GCC_WARN_ABOUT_INVALID_OFFSETOF_MACRO = NO;
				GCC_WARN_ALLOW_INCOMPLETE_PROTOCOL = NO;
				GCC_WARN_UNINITIALIZED_AUTOS = NO;
				GCC_WARN_UNUSED_VALUE = NO;
				GCC_WARN_UNUSED_VARIABLE = NO;
				HEADER_SEARCH_PATHS = (
					"$(OF_CORE_HEADERS)",
					src,
					../../../../../../oF/v0.9.8/addons/ofxGrabCam/src,
					../../../../../../oF/v0.9.8/addons/ofxImGui/libs,
					../../../../../../oF/v0.9.8/addons/ofxImGui/libs/imgui,
					../../../../../../oF/v0.9.8/addons/ofxImGui/libs/imgui/src,
					../../../../../../oF/v0.9.8/addons/ofxImGui/src,
					../../../../../../oF/v0.9.8/addons/ofxOsc/libs,
					../../../../../../oF/v0.9.8/addons/ofxOsc/libs/oscpack,
					../../../../../../oF/v0.9.8/addons/ofxOsc/libs/oscpack/src,
					../../../../../../oF/v0.9.8/addons/ofxOsc/libs/oscpack/src/ip,
					../../../../../../oF/v0.9.8/addons/ofxOsc/libs/oscpack/src/ip/posix,
					../../../../../../oF/v0.9.8/addons/ofxOsc/libs/oscpack/src/ip/win32,
					../../../../../../oF/v0.9.8/addons/ofxOsc/libs/oscpack/src/osc,
					../../../../../../oF/v0.9.8/addons/ofxOsc/src,
					../../../../../../oF/v0.9.8/addons/ofxXmlSettings/libs,
					../../../../../../oF/v0.9.8/addons/ofxXmlSettings/src,
				);
				MACOSX_DEPLOYMENT_TARGET = 10.8;
				OTHER_CPLUSPLUSFLAGS = (
					"-D__MACOSX_CORE__",
					"-mtune=native",
				);
				SDKROOT = macosx;
			};
			name = Release;
		};
		E4B69B600A3A1757003C02F2 /* Debug */ = {
			isa = XCBuildConfiguration;
			baseConfigurationReference = E4EB6923138AFD0F00A09F29 /* Project.xcconfig */;
			buildSettings = {
				COMBINE_HIDPI_IMAGES = YES;
				COPY_PHASE_STRIP = NO;
				FRAMEWORK_SEARCH_PATHS = (
					"$(inherited)",
					"$(FRAMEWORK_SEARCH_PATHS_QUOTED_FOR_TARGET_1)",
				);
				FRAMEWORK_SEARCH_PATHS_QUOTED_FOR_TARGET_1 = "\"$(SRCROOT)/../../../../../../oF/v0.9.8/libs/glut/lib/osx\"";
				GCC_DYNAMIC_NO_PIC = NO;
				GCC_GENERATE_DEBUGGING_SYMBOLS = YES;
				GCC_MODEL_TUNING = NONE;
				HEADER_SEARCH_PATHS = (
					"$(OF_CORE_HEADERS)",
					src,
					../../../../../../oF/v0.9.8/addons/ofxGrabCam/src,
					../../../../../../oF/v0.9.8/addons/ofxImGui/libs,
					../../../../../../oF/v0.9.8/addons/ofxImGui/libs/imgui,
					../../../../../../oF/v0.9.8/addons/ofxImGui/libs/imgui/src,
					../../../../../../oF/v0.9.8/addons/ofxImGui/src,
					../../../../../../oF/v0.9.8/addons/ofxOsc/libs,
					../../../../../../oF/v0.9.8/addons/ofxOsc/libs/oscpack,
					../../../../../../oF/v0.9.8/addons/ofxOsc/libs/oscpack/src,
					../../../../../../oF/v0.9.8/addons/ofxOsc/libs/oscpack/src/ip,
					../../../../../../oF/v0.9.8/addons/ofxOsc/libs/oscpack/src/ip/posix,
					../../../../../../oF/v0.9.8/addons/ofxOsc/libs/oscpack/src/ip/win32,
					../../../../../../oF/v0.9.8/addons/ofxOsc/libs/oscpack/src/osc,
					../../../../../../oF/v0.9.8/addons/ofxOsc/src,
					../../../../../../oF/v0.9.8/addons/ofxXmlSettings/libs,
					../../../../../../oF/v0.9.8/addons/ofxXmlSettings/src,
				);
				ICON = "$(ICON_NAME_DEBUG)";
				ICON_FILE = "$(ICON_FILE_PATH)$(ICON)";
				INFOPLIST_FILE = "openFrameworks-Info.plist";
				INSTALL_PATH = /Applications;
				LIBRARY_SEARCH_PATHS = "$(inherited)";
				PRODUCT_NAME = "$(TARGET_NAME)Debug";
				WRAPPER_EXTENSION = app;
			};
			name = Debug;
		};
		E4B69B610A3A1757003C02F2 /* Release */ = {
			isa = XCBuildConfiguration;
			baseConfigurationReference = E4EB6923138AFD0F00A09F29 /* Project.xcconfig */;
			buildSettings = {
				COMBINE_HIDPI_IMAGES = YES;
				COPY_PHASE_STRIP = YES;
				FRAMEWORK_SEARCH_PATHS = (
					"$(inherited)",
					"$(FRAMEWORK_SEARCH_PATHS_QUOTED_FOR_TARGET_1)",
				);
				FRAMEWORK_SEARCH_PATHS_QUOTED_FOR_TARGET_1 = "\"$(SRCROOT)/../../../../../../oF/v0.9.8/libs/glut/lib/osx\"";
				GCC_GENERATE_DEBUGGING_SYMBOLS = YES;
				GCC_MODEL_TUNING = NONE;
				HEADER_SEARCH_PATHS = (
					"$(OF_CORE_HEADERS)",
					src,
					../../../../../../oF/v0.9.8/addons/ofxGrabCam/src,
					../../../../../../oF/v0.9.8/addons/ofxImGui/libs,
					../../../../../../oF/v0.9.8/addons/ofxImGui/libs/imgui,
					../../../../../../oF/v0.9.8/addons/ofxImGui/libs/imgui/src,
					../../../../../../oF/v0.9.8/addons/ofxImGui/src,
					../../../../../../oF/v0.9.8/addons/ofxOsc/libs,
					../../../../../../oF/v0.9.8/addons/ofxOsc/libs/oscpack,
					../../../../../../oF/v0.9.8/addons/ofxOsc/libs/oscpack/src,
					../../../../../../oF/v0.9.8/addons/ofxOsc/libs/oscpack/src/ip,
					../../../../../../oF/v0.9.8/addons/ofxOsc/libs/oscpack/src/ip/posix,
					../../../../../../oF/v0.9.8/addons/ofxOsc/libs/oscpack/src/ip/win32,
					../../../../../../oF/v0.9.8/addons/ofxOsc/libs/oscpack/src/osc,
					../../../../../../oF/v0.9.8/addons/ofxOsc/src,
					../../../../../../oF/v0.9.8/addons/ofxXmlSettings/libs,
					../../../../../../oF/v0.9.8/addons/ofxXmlSettings/src,
				);
				ICON = "$(ICON_NAME_RELEASE)";
				ICON_FILE = "$(ICON_FILE_PATH)$(ICON)";
				INFOPLIST_FILE = "openFrameworks-Info.plist";
				INSTALL_PATH = /Applications;
				LIBRARY_SEARCH_PATHS = "$(inherited)";
				PRODUCT_NAME = "$(TARGET_NAME)";
				WRAPPER_EXTENSION = app;
				baseConfigurationReference = E4EB6923138AFD0F00A09F29;
			};
			name = Release;
		};
/* End XCBuildConfiguration section */

/* Begin XCConfigurationList section */
		E4B69B4D0A3A1720003C02F2 /* Build configuration list for PBXProject "CamGraph" */ = {
			isa = XCConfigurationList;
			buildConfigurations = (
				E4B69B4E0A3A1720003C02F2 /* Debug */,
				E4B69B4F0A3A1720003C02F2 /* Release */,
			);
			defaultConfigurationIsVisible = 0;
			defaultConfigurationName = Release;
		};
		E4B69B5F0A3A1757003C02F2 /* Build configuration list for PBXNativeTarget "CamGraph" */ = {
			isa = XCConfigurationList;
			buildConfigurations = (
				E4B69B600A3A1757003C02F2 /* Debug */,
				E4B69B610A3A1757003C02F2 /* Release */,
			);
			defaultConfigurationIsVisible = 0;
			defaultConfigurationName = Release;
		};
/* End XCConfigurationList section */
	};
	rootObject = E4B69B4C0A3A1720003C02F2 /* Project object */;
}
